{
  "version": 2,
  "dependencies": {
    "net10.0": {
      "application.customers": {
        "type": "Project",
        "dependencies": {
          "Application.Tenancy": "[0.1.0, )"
        }
      },
      "application.orders": {
        "type": "Project",
        "dependencies": {
          "Application.Customers": "[0.1.0, )",
          "Application.Tenancy": "[0.1.0, )"
        }
      },
      "application.tenancy": {
        "type": "Project"
      }
    }
  }
}