{
  "version": 2,
  "dependencies": {
    "net10.0": {
      "Autofac": {
        "type": "Direct",
        "requested": "[9.3.4, )",
        "resolved": "9.3.4",
        "contentHash": "sKldkrIDjhic/BtE6KBl50VjwnuVVOXMnJgh9CsG5uHa8IsGR1BkvjyF6UifPfXPfnkauPqJrAF0QF+JhhRTsw=="
      },
      "coverlet.collector": {
        "type": "Direct",
        "requested": "[10.0.1, )",
        "resolved": "10.0.1",
        "contentHash": "27jXSV/0DbVqF5jDrAxuQFZ9oaz6gmG03p8ttxAFk+X0M4woFYj7MoWDLCna5EGLb0CE6OE7X6ZH3Wt5smTtaA=="
      },
      "Microsoft.AspNetCore.Mvc.Testing": {
        "type": "Direct",
        "requested": "[10.0.8, )",
        "resolved": "10.0.8",
        "contentHash": "C9kMpUciPgx7ObqoO6W+eXEf3zHFWb7XpQgFJBzdO8GsmmVYrgcErTLMuki6e3EihycGpHbcJECYHDgM7XRMkg==",
        "dependencies": {
          "Microsoft.AspNetCore.TestHost": "10.0.8",
          "Microsoft.Extensions.DependencyModel": "10.0.8",
          "Microsoft.Extensions.Hosting": "10.0.8"
        }
      },
      "Microsoft.NET.Test.Sdk": {
        "type": "Direct",
        "requested": "[18.5.1, )",
        "resolved": "18.5.1",
        "contentHash": "SfqVaLiIqAbRWuPg5BP4QFwBIirQj/YIL8Dhxl6zntBKbXp0cQykoV480SmwG+yRMiWptxEI6NbHQuGSZ8b97w==",
        "dependencies": {
          "Microsoft.CodeCoverage": "18.5.1",
          "Microsoft.TestPlatform.TestHost": "18.5.1"
        }
      },
      "Testcontainers": {
        "type": "Direct",
        "requested": "[4.11.0, )",
        "resolved": "4.11.0",
        "contentHash": "9pBNaK9Ra3GVnr5h6gaDJOBH0txA5G3Juho5WANPuyu38l5xyr2lCvf11oA5/uSd+Lh4Wtng34nKp3nMiea02g==",
        "dependencies": {
          "Docker.DotNet.Enhanced": "3.131.1",
          "Docker.DotNet.Enhanced.X509": "3.131.1",
          "Microsoft.Extensions.Logging.Abstractions": "8.0.3",
          "SSH.NET": "2025.1.0",
          "SharpZipLib": "1.4.2"
        }
      },
      "Testcontainers.PostgreSql": {
        "type": "Direct",
        "requested": "[4.11.0, )",
        "resolved": "4.11.0",
        "contentHash": "OWGi0Og+qFpr2OPDignA74aJSfUd0nvZOaXNGWXwMJR1BvpdzhCNHQB2h7yLSTb0a8JVmmQQ4mUpHAC9q27NLw==",
        "dependencies": {
          "Testcontainers": "4.11.0"
        }
      },
      "xunit": {
        "type": "Direct",
        "requested": "[2.9.3, )",
        "resolved": "2.9.3",
        "contentHash": "TlXQBinK35LpOPKHAqbLY4xlEen9TBafjs0V5KnA4wZsoQLQJiirCR4CbIXvOH8NzkW4YeJKP5P/Bnrodm0h9Q==",
        "dependencies": {
          "xunit.analyzers": "1.18.0",
          "xunit.assert": "2.9.3",
          "xunit.core": "[2.9.3]"
        }
      },
      "xunit.runner.visualstudio": {
        "type": "Direct",
        "requested": "[3.1.5, )",
        "resolved": "3.1.5",
        "contentHash": "tKi7dSTwP4m5m9eXPM2Ime4Kn7xNf4x4zT9sdLO/G4hZVnQCRiMTWoSZqI/pYTVeI27oPPqHBKYI/DjJ9GsYgA=="
      },
      "BouncyCastle.Cryptography": {
        "type": "Transitive",
        "resolved": "2.7.0",
        "contentHash": "U+12df8UEWHgBi04YVf/Lgi2dy3SItlIYvHjjEVa/BngCQIzDCDRBk50DDByCfDvSbe5pRNFr3b7UrVK2kMcLw=="
      },
      "Docker.DotNet.Enhanced": {
        "type": "Transitive",
        "resolved": "3.131.1",
        "contentHash": "hGLHCNUsQbT2Ab/HUznRnNqYZQs40zInXa3eLwYjeNyfUYbw1pqqDGqcOLl5uGepS8IuigEYakEdAcVT/2ezYg==",
        "dependencies": {
          "Microsoft.Extensions.Logging.Abstractions": "8.0.3"
        }
      },
      "Docker.DotNet.Enhanced.X509": {
        "type": "Transitive",
        "resolved": "3.131.1",
        "contentHash": "8FU7zmttFQzp0xb0EPupxQ0nGtC2cTpukgh3jMxMT8luj5TSDyzIKTnroDpXCjpg9P2fV+6JIvC+IetsMEfyBA==",
        "dependencies": {
          "Docker.DotNet.Enhanced": "3.131.1"
        }
      },
      "Finbuckle.MultiTenant": {
        "type": "Transitive",
        "resolved": "10.1.4",
        "contentHash": "S3+TvPjDgx/BNfx27Zm41rzBmDmR4MQqXK1BlMXVzdyiZGp0Cs6QSZjAWaJSyvk9X/ilcX9sMCLFrUyYzt48sw==",
        "dependencies": {
          "Finbuckle.MultiTenant.Abstractions": "10.1.4",
          "Microsoft.Extensions.Caching.Abstractions": "10.0.12",
          "Microsoft.Extensions.Configuration": "10.0.12",
          "Microsoft.Extensions.DependencyInjection": "10.0.12",
          "Microsoft.Extensions.Http": "10.0.12",
          "Microsoft.Extensions.Logging": "10.0.12",
          "Microsoft.Extensions.Options": "10.0.12",
          "Microsoft.Extensions.Options.ConfigurationExtensions": "10.0.12"
        }
      },
      "Finbuckle.MultiTenant.Abstractions": {
        "type": "Transitive",
        "resolved": "10.1.4",
        "contentHash": "mivEmaNaG7IW7eDXV69KSDvqUjnE2SBRUQpnQXfpUqubZbC5qCEoPp8O1koIyXt9Szwo7e0LOHzw1DpsOGa3jA=="
      },
      "Microsoft.AspNetCore.Authentication.OpenIdConnect": {
        "type": "Transitive",
        "resolved": "10.0.12",
        "contentHash": "UfkKr9EP+LBgnFfxwkfnZzta7XkalCroZWoxg2yW9dt8iPXO7bJYpcmyFIeM+FLcAlOKZeduP93XhuCcfWaYIQ==",
        "dependencies": {
          "Microsoft.IdentityModel.Protocols.OpenIdConnect": "8.19.2"
        }
      },
      "Microsoft.AspNetCore.TestHost": {
        "type": "Transitive",
        "resolved": "10.0.8",
        "contentHash": "HRH/XAke90wkHv9ykCsrvpVqvKOUt53jQzvHHIXrPIPZWAjyPq6B5/InCmPYWvme+WKMXD10rplMAitzNMtC3w=="
      },
      "Microsoft.Bcl.AsyncInterfaces": {
        "type": "Transitive",
        "resolved": "10.0.9",
        "contentHash": "Aq7M8lG6BrHeatqKqncVm9m55ec34k6nnfPRLe/PvGg+b/pAsRM2ejofeKmCLjTXMa+5NGXm382f8CG/D5WDow=="
      },
      "Microsoft.Bcl.Cryptography": {
        "type": "Transitive",
        "resolved": "10.0.2",
        "contentHash": "LG9Yll3B5aNpxv0+D47g6LiOiKBIlodhcHdQwcYzo8VeexFLGqx5ymetmA2aBRyo9cCcWsQWrFsdbsr8LvmWDw=="
      },
      "Microsoft.CodeCoverage": {
        "type": "Transitive",
        "resolved": "18.5.1",
        "contentHash": "vMFDR1ZjqzzgKmM0zrPie7Gv9Y+ZppjODB5Quzu9Eq0TlIusUfUCYFPEawO91zQuqwzvdFbJSU7WHNtjStffJQ=="
      },
      "Microsoft.EntityFrameworkCore.Analyzers": {
        "type": "Transitive",
        "resolved": "10.0.8",
        "contentHash": "M3BZ8JH8rB6BE7dO2g9iVbrHLnEz9wMXT6q+tDR6Nq3gyP3KmBj5OTiZGxyF3vesjOQNKanYoPGSNBR4kR2llg=="
      },
      "Microsoft.Extensions.Caching.Abstractions": {
        "type": "Transitive",
        "resolved": "10.0.12",
        "contentHash": "sI3A6MUAyZwccLnwq0cXuRmC3WBtXieimBWafXSfhRJ4jnM2uGVXrqImDDVyW27u4vVaTOGlJxNJd8d1FGvCNQ==",
        "dependencies": {
          "Microsoft.Extensions.Primitives": "10.0.12"
        }
      },
      "Microsoft.Extensions.Caching.Memory": {
        "type": "Transitive",
        "resolved": "10.0.8",
        "contentHash": "sYMYQjNprfqPTryuLNnr0/AOtnhlfuZ0ZxyOV0d3AXOEL8j9KV0EbelpZYyIatT2hJiaSGO9XGr5YDRsh22OfQ==",
        "dependencies": {
          "Microsoft.Extensions.Caching.Abstractions": "10.0.8",
          "Microsoft.Extensions.DependencyInjection.Abstractions": "10.0.8",
          "Microsoft.Extensions.Logging.Abstractions": "10.0.8",
          "Microsoft.Extensions.Options": "10.0.8",
          "Microsoft.Extensions.Primitives": "10.0.8"
        }
      },
      "Microsoft.Extensions.Configuration": {
        "type": "Transitive",
        "resolved": "10.0.12",
        "contentHash": "e3IPP32CRNL031VZJAUTlCTG0YN7WFh4mN3fsSHTDQCJB+3+f0jGycv4fXk3rrftaY3B85XrQaj7sRthrOsavg==",
        "dependencies": {
          "Microsoft.Extensions.Configuration.Abstractions": "10.0.12",
          "Microsoft.Extensions.Primitives": "10.0.12"
        }
      },
      "Microsoft.Extensions.Configuration.Abstractions": {
        "type": "Transitive",
        "resolved": "10.0.12",
        "contentHash": "8xaGcvS/qZ1otoxPQCEJkNva389CVL/plNcvIETZhQTETYdRkYDPEYhUMoAGONo4FU45ufdfE0j29AfWVVj0wA==",
        "dependencies": {
          "Microsoft.Extensions.Primitives": "10.0.12"
        }
      },
      "Microsoft.Extensions.Configuration.Binder": {
        "type": "Transitive",
        "resolved": "10.0.12",
        "contentHash": "dAgIf1TOr8KLs+aBRIbXUZBjHoSH4rDG8+XkX/Q6AZwkQdMA0+yPDKTHsieeXdZDfpOpZVHzOnuAb5Z2nX3KsA==",
        "dependencies": {
          "Microsoft.Extensions.Configuration": "10.0.12",
          "Microsoft.Extensions.Configuration.Abstractions": "10.0.12"
        }
      },
      "Microsoft.Extensions.Configuration.CommandLine": {
        "type": "Transitive",
        "resolved": "10.0.8",
        "contentHash": "nQXq1a4MiInYh+0VF9fguxAl06q2ftmOyYQ+5e933s4rk57xjgkbTjUdFUySzjrcrvDeWsSqlZB+TE8+TbM2HA==",
        "dependencies": {
          "Microsoft.Extensions.Configuration": "10.0.8",
          "Microsoft.Extensions.Configuration.Abstractions": "10.0.8"
        }
      },
      "Microsoft.Extensions.Configuration.EnvironmentVariables": {
        "type": "Transitive",
        "resolved": "10.0.8",
        "contentHash": "bVGqctAfPGfTxJvNp8pMshtvpsUj6r6JkeiCNVIGVYO5gBxuxdN0Lbr25kEvE/zXdctkEc44g8HssnPgDnFGVA==",
        "dependencies": {
          "Microsoft.Extensions.Configuration": "10.0.8",
          "Microsoft.Extensions.Configuration.Abstractions": "10.0.8"
        }
      },
      "Microsoft.Extensions.Configuration.FileExtensions": {
        "type": "Transitive",
        "resolved": "10.0.8",
        "contentHash": "1g9mzuu8gIHkjYb0jLxOTQVl/QDG5nn0b0JzgT/gbgNKr6gXZzxOHRAsdYRc1eDApB7LdHR8uK5vQrNjIQdRrQ==",
        "dependencies": {
          "Microsoft.Extensions.Configuration": "10.0.8",
          "Microsoft.Extensions.Configuration.Abstractions": "10.0.8",
          "Microsoft.Extensions.FileProviders.Abstractions": "10.0.8",
          "Microsoft.Extensions.FileProviders.Physical": "10.0.8",
          "Microsoft.Extensions.Primitives": "10.0.8"
        }
      },
      "Microsoft.Extensions.Configuration.Json": {
        "type": "Transitive",
        "resolved": "10.0.8",
        "contentHash": "KLtAZ6A38s1pIfCO2ns6aG14NNGMYNZ4PBYfFK4M+R4A+xuSc6oklhqDcpHZxvDpyBWeFtR5C8iQBw2ng8tUHQ==",
        "dependencies": {
          "Microsoft.Extensions.Configuration": "10.0.8",
          "Microsoft.Extensions.Configuration.Abstractions": "10.0.8",
          "Microsoft.Extensions.Configuration.FileExtensions": "10.0.8",
          "Microsoft.Extensions.FileProviders.Abstractions": "10.0.8"
        }
      },
      "Microsoft.Extensions.Configuration.UserSecrets": {
        "type": "Transitive",
        "resolved": "10.0.8",
        "contentHash": "6XTfFOnf27WY8kEeZkTZ4YNn0t+imgvdQ0YaAdR4vgURKATo9bCaVJ1KB71IOJAQtJP7Elb53VHlTNXg2CtSsA==",
        "dependencies": {
          "Microsoft.Extensions.Configuration.Abstractions": "10.0.8",
          "Microsoft.Extensions.Configuration.Json": "10.0.8",
          "Microsoft.Extensions.FileProviders.Abstractions": "10.0.8",
          "Microsoft.Extensions.FileProviders.Physical": "10.0.8"
        }
      },
      "Microsoft.Extensions.DependencyInjection": {
        "type": "Transitive",
        "resolved": "10.0.12",
        "contentHash": "lXyK2O5GoYvfxW8eCFcD16JFbcoSTM1sJkAM0UHS1jZyl9NYMW64Tqm6OQFT0IDBjZi+xHt95/Zg+nxZhGFhZg==",
        "dependencies": {
          "Microsoft.Extensions.DependencyInjection.Abstractions": "10.0.12"
        }
      },
      "Microsoft.Extensions.DependencyInjection.Abstractions": {
        "type": "Transitive",
        "resolved": "10.0.12",
        "contentHash": "9/qymSh7hVDMGTGwrLz8MRp5zRyXy9adGDOs4HwRdnLil3oZGYuWeZjbmHgCQ9BL1qBroVfgUK3U/nb61617Cw=="
      },
      "Microsoft.Extensions.DependencyModel": {
        "type": "Transitive",
        "resolved": "10.0.8",
        "contentHash": "vLyZVpxmduO2jx+76ggqnsA3m81kwMY3NkWciNTj5E+Nvqb0VihqCvQP89QsGONWp0AJwMZG+u9GzaCjDdFGNw=="
      },
      "Microsoft.Extensions.Diagnostics": {
        "type": "Transitive",
        "resolved": "10.0.12",
        "contentHash": "amx0O/R4dReqKlC3T740+CHpX8D8tAIV0f5kAPfFi4XK9jYo9BSepGt9/rWfvvCoSMaZ1+XvnqPp/Vv2fmTdAg==",
        "dependencies": {
          "Microsoft.Extensions.Configuration": "10.0.12",
          "Microsoft.Extensions.Diagnostics.Abstractions": "10.0.12",
          "Microsoft.Extensions.Options.ConfigurationExtensions": "10.0.12"
        }
      },
      "Microsoft.Extensions.Diagnostics.Abstractions": {
        "type": "Transitive",
        "resolved": "10.0.12",
        "contentHash": "fMp91qlRlMOuHfMyp7LuAnOS+MOeWTF1obJmyFcs4nZCXu6pr+QB1AbFJcl2qpBltBrqF/Y7+Rn9IuNcSuctig==",
        "dependencies": {
          "Microsoft.Extensions.DependencyInjection.Abstractions": "10.0.12",
          "Microsoft.Extensions.Options": "10.0.12"
        }
      },
      "Microsoft.Extensions.FileProviders.Abstractions": {
        "type": "Transitive",
        "resolved": "10.0.8",
        "contentHash": "U+oquaPxFdY8lYeEIWO/AD7jDIl9sPW6aVWMQRHU/pZ/SWpLcOrAj2fcLe1HwXl4sYw1ONI56K/eELT3xr4RRQ==",
        "dependencies": {
          "Microsoft.Extensions.Primitives": "10.0.8"
        }
      },
      "Microsoft.Extensions.FileProviders.Physical": {
        "type": "Transitive",
        "resolved": "10.0.8",
        "contentHash": "GkPvQe6IdidLu6Q3Lw6+B8NJpW8feW8czZ5mBKt5rXM/x8MvZfEp5WvAsjznzDGd23chIDrW0b2mmt+ScnEgiw==",
        "dependencies": {
          "Microsoft.Extensions.FileProviders.Abstractions": "10.0.8",
          "Microsoft.Extensions.FileSystemGlobbing": "10.0.8",
          "Microsoft.Extensions.Primitives": "10.0.8"
        }
      },
      "Microsoft.Extensions.FileSystemGlobbing": {
        "type": "Transitive",
        "resolved": "10.0.8",
        "contentHash": "IUQet3SY51xIFcFZKtAB6a54/Zdxs7T3SQ84kJtOD6yeXfZgiOMksACWD5qtTmXGQGFH4QYGBOT0KIO8Uy/dJw=="
      },
      "Microsoft.Extensions.Hosting": {
        "type": "Transitive",
        "resolved": "10.0.8",
        "contentHash": "VfEyM2BipThcSd0GG/FS2ZPCVCTiosVq2zLKEDsfeMIg78sOVZPEmS7CgWlb+dqTlgXvLSL4OG2q6sM4xRhHNg==",
        "dependencies": {
          "Microsoft.Extensions.Configuration": "10.0.8",
          "Microsoft.Extensions.Configuration.Abstractions": "10.0.8",
          "Microsoft.Extensions.Configuration.Binder": "10.0.8",
          "Microsoft.Extensions.Configuration.CommandLine": "10.0.8",
          "Microsoft.Extensions.Configuration.EnvironmentVariables": "10.0.8",
          "Microsoft.Extensions.Configuration.FileExtensions": "10.0.8",
          "Microsoft.Extensions.Configuration.Json": "10.0.8",
          "Microsoft.Extensions.Configuration.UserSecrets": "10.0.8",
          "Microsoft.Extensions.DependencyInjection": "10.0.8",
          "Microsoft.Extensions.DependencyInjection.Abstractions": "10.0.8",
          "Microsoft.Extensions.Diagnostics": "10.0.8",
          "Microsoft.Extensions.FileProviders.Abstractions": "10.0.8",
          "Microsoft.Extensions.FileProviders.Physical": "10.0.8",
          "Microsoft.Extensions.Hosting.Abstractions": "10.0.8",
          "Microsoft.Extensions.Logging": "10.0.8",
          "Microsoft.Extensions.Logging.Abstractions": "10.0.8",
          "Microsoft.Extensions.Logging.Configuration": "10.0.8",
          "Microsoft.Extensions.Logging.Console": "10.0.8",
          "Microsoft.Extensions.Logging.Debug": "10.0.8",
          "Microsoft.Extensions.Logging.EventLog": "10.0.8",
          "Microsoft.Extensions.Logging.EventSource": "10.0.8",
          "Microsoft.Extensions.Options": "10.0.8"
        }
      },
      "Microsoft.Extensions.Hosting.Abstractions": {
        "type": "Transitive",
        "resolved": "10.0.8",
        "contentHash": "MoOWFPT88/pDfmWpbU9PydKRX/rJFQkliowE/L9wbQcl94IicUphb5BFgepkWiDkYYxPnuEqjN4buzOGW4vJpQ==",
        "dependencies": {
          "Microsoft.Extensions.Configuration.Abstractions": "10.0.8",
          "Microsoft.Extensions.DependencyInjection.Abstractions": "10.0.8",
          "Microsoft.Extensions.Diagnostics.Abstractions": "10.0.8",
          "Microsoft.Extensions.FileProviders.Abstractions": "10.0.8",
          "Microsoft.Extensions.Logging.Abstractions": "10.0.8"
        }
      },
      "Microsoft.Extensions.Http": {
        "type": "Transitive",
        "resolved": "10.0.12",
        "contentHash": "x/fnoUGgmIUjSgLR1p6Mpi/vXc1Xe0xDPJnggPp23I6vwM/kY4nxyOjo8i6G5KPVw+esJM+rJsqnHbdjasvCBw==",
        "dependencies": {
          "Microsoft.Extensions.Configuration.Abstractions": "10.0.12",
          "Microsoft.Extensions.DependencyInjection.Abstractions": "10.0.12",
          "Microsoft.Extensions.Diagnostics": "10.0.12",
          "Microsoft.Extensions.Logging": "10.0.12",
          "Microsoft.Extensions.Logging.Abstractions": "10.0.12",
          "Microsoft.Extensions.Options": "10.0.12"
        }
      },
      "Microsoft.Extensions.Logging": {
        "type": "Transitive",
        "resolved": "10.0.12",
        "contentHash": "6I46fTPfgYkrjRYfRXbho9WOvOelTnNjWuZws/hzGHDASH1LEJeA4VKK9k3wJvido8o7jJSB5WkMTonX7HM1bA==",
        "dependencies": {
          "Microsoft.Extensions.DependencyInjection": "10.0.12",
          "Microsoft.Extensions.Logging.Abstractions": "10.0.12",
          "Microsoft.Extensions.Options": "10.0.12"
        }
      },
      "Microsoft.Extensions.Logging.Abstractions": {
        "type": "Transitive",
        "resolved": "10.0.12",
        "contentHash": "+24lC4plfbEDNfLAdTV/SWKS7dW+16X4HdydO3R++134kSNTzcbYA4KpR1Hdh6uWisB8Za3AzwyOn+K+NxWIug==",
        "dependencies": {
          "Microsoft.Extensions.DependencyInjection.Abstractions": "10.0.12"
        }
      },
      "Microsoft.Extensions.Logging.Configuration": {
        "type": "Transitive",
        "resolved": "10.0.8",
        "contentHash": "rxSLTO7xTbcC3DuEJHNEijBr8g14Jj62zQ+DeFu68bsoTYoU8jLcMhc1735PV21bESXsATlL5LsfaWH71FOWAg==",
        "dependencies": {
          "Microsoft.Extensions.Configuration": "10.0.8",
          "Microsoft.Extensions.Configuration.Abstractions": "10.0.8",
          "Microsoft.Extensions.Configuration.Binder": "10.0.8",
          "Microsoft.Extensions.DependencyInjection.Abstractions": "10.0.8",
          "Microsoft.Extensions.Logging": "10.0.8",
          "Microsoft.Extensions.Logging.Abstractions": "10.0.8",
          "Microsoft.Extensions.Options": "10.0.8",
          "Microsoft.Extensions.Options.ConfigurationExtensions": "10.0.8"
        }
      },
      "Microsoft.Extensions.Logging.Console": {
        "type": "Transitive",
        "resolved": "10.0.8",
        "contentHash": "6cv53sHsPnFS56PJw8X4GbNcjeX1KGyFJRxJWvxOgK63cnqeSB1k1eRwjUdkse0tBhwlH6qc9EOYDlan+CYTuw==",
        "dependencies": {
          "Microsoft.Extensions.DependencyInjection.Abstractions": "10.0.8",
          "Microsoft.Extensions.Logging": "10.0.8",
          "Microsoft.Extensions.Logging.Abstractions": "10.0.8",
          "Microsoft.Extensions.Logging.Configuration": "10.0.8",
          "Microsoft.Extensions.Options": "10.0.8"
        }
      },
      "Microsoft.Extensions.Logging.Debug": {
        "type": "Transitive",
        "resolved": "10.0.8",
        "contentHash": "4HW3M1lGHHDwEYcDZHRNptBQ48LCI2yW+XV4vuxdfQUqafTpVT8j9RqAsez08krZKhIiaArWu8iQq5uRKZ9Ffg==",
        "dependencies": {
          "Microsoft.Extensions.DependencyInjection.Abstractions": "10.0.8",
          "Microsoft.Extensions.Logging": "10.0.8",
          "Microsoft.Extensions.Logging.Abstractions": "10.0.8"
        }
      },
      "Microsoft.Extensions.Logging.EventLog": {
        "type": "Transitive",
        "resolved": "10.0.8",
        "contentHash": "kK/C3SLIoGrcZvddYQw4eMm6YaROiSYBO7YgUR5Hdv5l+GIjBmbvQK5cST2FqjeubiAOPqFEimBT2N/8wVI+3A==",
        "dependencies": {
          "Microsoft.Extensions.DependencyInjection.Abstractions": "10.0.8",
          "Microsoft.Extensions.Logging": "10.0.8",
          "Microsoft.Extensions.Logging.Abstractions": "10.0.8",
          "Microsoft.Extensions.Options": "10.0.8",
          "System.Diagnostics.EventLog": "10.0.8"
        }
      },
      "Microsoft.Extensions.Logging.EventSource": {
        "type": "Transitive",
        "resolved": "10.0.8",
        "contentHash": "HX2M0MgzwQM8jpLe3AYAEMd0YsUfOP5RgGrDuk+Ki9n7HSuMbvLm9TEV3qRI3Pg9aqxc56GfgK/KdMRBhfWwKw==",
        "dependencies": {
          "Microsoft.Extensions.DependencyInjection.Abstractions": "10.0.8",
          "Microsoft.Extensions.Logging": "10.0.8",
          "Microsoft.Extensions.Logging.Abstractions": "10.0.8",
          "Microsoft.Extensions.Options": "10.0.8",
          "Microsoft.Extensions.Primitives": "10.0.8"
        }
      },
      "Microsoft.Extensions.Options": {
        "type": "Transitive",
        "resolved": "10.0.12",
        "contentHash": "TDYD33TSRpXKZWlmTXNlj5kCihxatmv2Ec1u6C+bMYLphCS7PoSLE9Pjd/nunDoE7yETk+LLKjVJX78HYtWjpA==",
        "dependencies": {
          "Microsoft.Extensions.DependencyInjection.Abstractions": "10.0.12",
          "Microsoft.Extensions.Primitives": "10.0.12"
        }
      },
      "Microsoft.Extensions.Options.ConfigurationExtensions": {
        "type": "Transitive",
        "resolved": "10.0.12",
        "contentHash": "rqpu4qj5WE9x1IHGXSIgHBKi7IUlQaHyp4aXCYIanG2OghlUMFZpZTgExaXwcvmLAJHsxKQWMPpc7D2WIbCVtA==",
        "dependencies": {
          "Microsoft.Extensions.Configuration.Abstractions": "10.0.12",
          "Microsoft.Extensions.Configuration.Binder": "10.0.12",
          "Microsoft.Extensions.DependencyInjection.Abstractions": "10.0.12",
          "Microsoft.Extensions.Options": "10.0.12",
          "Microsoft.Extensions.Primitives": "10.0.12"
        }
      },
      "Microsoft.Extensions.Primitives": {
        "type": "Transitive",
        "resolved": "10.0.12",
        "contentHash": "dYfCLR52UA+3DL7C4I/pvSaRPkNqxrUAQmbFL2u0zvYKKzqgrFCJl08Df+F1aYc8leu9JvpC9bsURUdpExcBXQ=="
      },
      "Microsoft.IdentityModel.Abstractions": {
        "type": "Transitive",
        "resolved": "8.19.2",
        "contentHash": "HJbo/lnSfNHUfphPRT910poQc4T2/9+8svFLvzuaYHGAOJ2Tu+oEDqpX0BVP3BJ4OuUM1kylEKyaiX2fCAK3Cw=="
      },
      "Microsoft.IdentityModel.JsonWebTokens": {
        "type": "Transitive",
        "resolved": "8.19.2",
        "contentHash": "ui3fuBT4fs8kdKfBthI4NzLYIBIneEVS8UrL1JVBzAn80UiKmngBBi0BEByE7n/9c+EElcfFlCMFFTqpkBSLNA==",
        "dependencies": {
          "Microsoft.IdentityModel.Tokens": "8.19.2"
        }
      },
      "Microsoft.IdentityModel.Logging": {
        "type": "Transitive",
        "resolved": "8.19.2",
        "contentHash": "r5YLDIxGOnkVJHrqXv/iD1FM1CgGrQOdriXuvuWvTPmKbnGANhEysq9XKmN6IHjf2a+9bAGEpnoRBsAQlvJU5w==",
        "dependencies": {
          "Microsoft.IdentityModel.Abstractions": "8.19.2"
        }
      },
      "Microsoft.IdentityModel.Protocols": {
        "type": "Transitive",
        "resolved": "8.19.2",
        "contentHash": "sGxSsSrZXNmca6D+jHH2rVRyo2nNRd/g4H9CFbPmLLq0xgoH1U0orLWE5minfijw7+zq49tBs7txenbfAErRoQ==",
        "dependencies": {
          "Microsoft.IdentityModel.Tokens": "8.19.2"
        }
      },
      "Microsoft.IdentityModel.Protocols.OpenIdConnect": {
        "type": "Transitive",
        "resolved": "8.19.2",
        "contentHash": "1XOcyY36cVymzE3qKdzKaUEZ4Pzt7ZpSa14JZoPPK1NLFUkQDs85TCqpV6XDo0YjFXj6nVK00AfOHppjghjhtw==",
        "dependencies": {
          "Microsoft.IdentityModel.Protocols": "8.19.2",
          "System.IdentityModel.Tokens.Jwt": "8.19.2"
        }
      },
      "Microsoft.IdentityModel.Tokens": {
        "type": "Transitive",
        "resolved": "8.19.2",
        "contentHash": "GtPC1S02uH1gOO4fQ+zRysIicKmEXaYFP8PIkdJYXqMyruYhopre4ozVHp0XiDSA0+GJvOZH9prxCPvgBMg4Ww==",
        "dependencies": {
          "Microsoft.Bcl.Cryptography": "10.0.2",
          "Microsoft.Extensions.Logging.Abstractions": "8.0.0",
          "Microsoft.IdentityModel.Logging": "8.19.2"
        }
      },
      "Microsoft.TestPlatform.ObjectModel": {
        "type": "Transitive",
        "resolved": "18.5.1",
        "contentHash": "KNZd+M0S0rz5eNAln0pbZX+A/RbokYZCbGKx4fN4CkhtWhkz6nSJDO+9LGYjRE4d0WPVriJ2JnVubkjt3+PpMg=="
      },
      "Microsoft.TestPlatform.TestHost": {
        "type": "Transitive",
        "resolved": "18.5.1",
        "contentHash": "RM+3JNHEoHOCFXzVntUcIiYxzPjzBN0N8wto6HYXi76YyBTZ/3CeRL8U+Pk5zx3AUrOmHxDvKJwGUCdElU9bJg==",
        "dependencies": {
          "Microsoft.TestPlatform.ObjectModel": "18.5.1",
          "Newtonsoft.Json": "13.0.3"
        }
      },
      "Newtonsoft.Json": {
        "type": "Transitive",
        "resolved": "13.0.3",
        "contentHash": "HrC5BXdl00IP9zeV+0Z848QWPAoCr9P3bDEZguI+gkLcBKAOxix/tLEAAHC+UvDNPv4a2d18lOReHMOagPa+zQ=="
      },
      "SharpZipLib": {
        "type": "Transitive",
        "resolved": "1.4.2",
        "contentHash": "yjj+3zgz8zgXpiiC3ZdF/iyTBbz2fFvMxZFEBPUcwZjIvXOf37Ylm+K58hqMfIBt5JgU/Z2uoUS67JmTLe973A=="
      },
      "System.Diagnostics.EventLog": {
        "type": "Transitive",
        "resolved": "10.0.8",
        "contentHash": "+Ro7WgIom+BDNH+YhTuZKL6QJ0ctfOpTyfUG/h3aU5KwXt3OaNf0wYWrTvoBUj+34Dy5V8dN9yCco1hAJQ4txw=="
      },
      "System.IdentityModel.Tokens.Jwt": {
        "type": "Transitive",
        "resolved": "8.19.2",
        "contentHash": "gqhDC/icByKEutygpr+OFgAmjwTVowyzFjWB8K0q1ww8uFj5a1BQNL+QvijUl9uhq4p8OdDwcAIrjVC+eC9FVA==",
        "dependencies": {
          "Microsoft.IdentityModel.JsonWebTokens": "8.19.2",
          "Microsoft.IdentityModel.Tokens": "8.19.2"
        }
      },
      "xunit.abstractions": {
        "type": "Transitive",
        "resolved": "2.0.3",
        "contentHash": "pot1I4YOxlWjIb5jmwvvQNbTrZ3lJQ+jUGkGjWE3hEFM0l5gOnBWS+H3qsex68s5cO52g+44vpGzhAt+42vwKg=="
      },
      "xunit.analyzers": {
        "type": "Transitive",
        "resolved": "1.18.0",
        "contentHash": "OtFMHN8yqIcYP9wcVIgJrq01AfTxijjAqVDy/WeQVSyrDC1RzBWeQPztL49DN2syXRah8TYnfvk035s7L95EZQ=="
      },
      "xunit.assert": {
        "type": "Transitive",
        "resolved": "2.9.3",
        "contentHash": "/Kq28fCE7MjOV42YLVRAJzRF0WmEqsmflm0cfpMjGtzQ2lR5mYVj1/i0Y8uDAOLczkL3/jArrwehfMD0YogMAA=="
      },
      "xunit.core": {
        "type": "Transitive",
        "resolved": "2.9.3",
        "contentHash": "BiAEvqGvyme19wE0wTKdADH+NloYqikiU0mcnmiNyXaF9HyHmE6sr/3DC5vnBkgsWaE6yPyWszKSPSApWdRVeQ==",
        "dependencies": {
          "xunit.extensibility.core": "[2.9.3]",
          "xunit.extensibility.execution": "[2.9.3]"
        }
      },
      "xunit.extensibility.core": {
        "type": "Transitive",
        "resolved": "2.9.3",
        "contentHash": "kf3si0YTn2a8J8eZNb+zFpwfoyvIrQ7ivNk5ZYA5yuYk1bEtMe4DxJ2CF/qsRgmEnDr7MnW1mxylBaHTZ4qErA==",
        "dependencies": {
          "xunit.abstractions": "2.0.3"
        }
      },
      "xunit.extensibility.execution": {
        "type": "Transitive",
        "resolved": "2.9.3",
        "contentHash": "yMb6vMESlSrE3Wfj7V6cjQ3S4TXdXpRqYeNEI3zsX31uTsGMJjEw6oD5F5u1cHnMptjhEECnmZSsPxB6ChZHDQ==",
        "dependencies": {
          "xunit.extensibility.core": "[2.9.3]"
        }
      },
      "application.branding": {
        "type": "Project"
      },
      "application.coreapi": {
        "type": "Project",
        "dependencies": {
          "Application.Branding": "[0.1.0, )",
          "Application.IdentityAccess": "[0.1.0, )",
          "Application.IdentityAccess.Postgres": "[0.1.0, )",
          "Application.Orders": "[0.1.0, )",
          "Application.Orders.Postgres": "[0.1.0, )",
          "Application.Tenancy": "[0.1.0, )",
          "Application.Tenancy.Postgres": "[0.1.0, )",
          "Autofac": "[9.3.4, )",
          "Autofac.Extensions.DependencyInjection": "[11.0.2, )",
          "Finbuckle.MultiTenant.AspNetCore": "[10.1.4, )",
          "Microsoft.AspNetCore.Authentication.JwtBearer": "[10.0.8, )",
          "Microsoft.AspNetCore.OpenApi": "[10.0.8, )",
          "Npgsql": "[10.0.2, )",
          "OpenFga.Sdk": "[0.10.4, )"
        }
      },
      "application.identityaccess": {
        "type": "Project"
      },
      "application.identityaccess.postgres": {
        "type": "Project",
        "dependencies": {
          "Application.IdentityAccess": "[0.1.0, )",
          "Microsoft.EntityFrameworkCore": "[10.0.8, )",
          "Npgsql.EntityFrameworkCore.PostgreSQL": "[10.0.1, )"
        }
      },
      "application.orders": {
        "type": "Project",
        "dependencies": {
          "Application.Tenancy": "[0.1.0, )"
        }
      },
      "application.orders.postgres": {
        "type": "Project",
        "dependencies": {
          "Application.Orders": "[0.1.0, )",
          "Microsoft.EntityFrameworkCore": "[10.0.8, )",
          "Npgsql": "[10.0.2, )",
          "Npgsql.EntityFrameworkCore.PostgreSQL": "[10.0.1, )"
        }
      },
      "application.tenancy": {
        "type": "Project"
      },
      "application.tenancy.postgres": {
        "type": "Project",
        "dependencies": {
          "Application.Tenancy": "[0.1.0, )",
          "Microsoft.EntityFrameworkCore": "[10.0.8, )",
          "Npgsql.EntityFrameworkCore.PostgreSQL": "[10.0.1, )"
        }
      },
      "Autofac.Extensions.DependencyInjection": {
        "type": "CentralTransitive",
        "requested": "[11.0.2, )",
        "resolved": "11.0.2",
        "contentHash": "i2wSkhnmhl3pUMOVfV7+bpurjIutz9yp8pilDRzUgPtUcRR+FdV7jZ/JLMPpUvoND2JMduN0prDtlNfkUVjkTw==",
        "dependencies": {
          "Autofac": "9.3.1",
          "Microsoft.Extensions.DependencyInjection.Abstractions": "10.0.9"
        }
      },
      "Finbuckle.MultiTenant.AspNetCore": {
        "type": "CentralTransitive",
        "requested": "[10.1.4, )",
        "resolved": "10.1.4",
        "contentHash": "vY8/fe4FDDv1gNgdRV5VsZdG6UkdOL++De69VOtvtcJsCbqgfdPWWxGE2i08aORDPOBeSlaqvuKy5CFG4RJzGA==",
        "dependencies": {
          "Finbuckle.MultiTenant": "10.1.4",
          "Microsoft.AspNetCore.Authentication.OpenIdConnect": "10.0.12"
        }
      },
      "Microsoft.AspNetCore.Authentication.JwtBearer": {
        "type": "CentralTransitive",
        "requested": "[10.0.8, )",
        "resolved": "10.0.8",
        "contentHash": "oGnE+X/SN6jdqao9WOkOIfyZ5+a0AtluJWy1Mxndq+kcWG6sx5k6l6tucu8/wJ7o9fHfLgVCzm/c4v/KVgVk6w==",
        "dependencies": {
          "Microsoft.IdentityModel.Protocols.OpenIdConnect": "8.0.1"
        }
      },
      "Microsoft.AspNetCore.OpenApi": {
        "type": "CentralTransitive",
        "requested": "[10.0.8, )",
        "resolved": "10.0.8",
        "contentHash": "cw24xHE2QaWwyEG9GQwFbjboyabub6Vd80DIItUGENzcQOa/BEnTrXsg2GADqWTmY/3ycqk9ToLGjgvF/VRlGA==",
        "dependencies": {
          "Microsoft.OpenApi": "2.0.0"
        }
      },
      "Microsoft.EntityFrameworkCore": {
        "type": "CentralTransitive",
        "requested": "[10.0.8, )",
        "resolved": "10.0.8",
        "contentHash": "EJx+fIBMgBlgD+ublKCn+GTOJkw3UqV7xOjYWBRVdUYyIm8UfvAsmSOPFiIInsWTHyMEYUJ9gCJY1jwX+6UB7w==",
        "dependencies": {
          "Microsoft.EntityFrameworkCore.Abstractions": "10.0.8",
          "Microsoft.EntityFrameworkCore.Analyzers": "10.0.8",
          "Microsoft.Extensions.Caching.Memory": "10.0.8",
          "Microsoft.Extensions.Logging": "10.0.8"
        }
      },
      "Microsoft.EntityFrameworkCore.Abstractions": {
        "type": "CentralTransitive",
        "requested": "[10.0.8, )",
        "resolved": "10.0.8",
        "contentHash": "jbKDXWPZQhuPHygMnwzNOqxBADVcpRVytcKYZsA++QqhPkpF93Ta8o5mbJQGrARSjlkr9WtOaADV97EDMOZ7DA=="
      },
      "Microsoft.EntityFrameworkCore.Relational": {
        "type": "CentralTransitive",
        "requested": "[10.0.8, )",
        "resolved": "10.0.8",
        "contentHash": "UU3diAD2wwZveye2rnrwaF/wvJ9tm5iL2fuY9TTap6/iGQK1OO29M1BzXZRlRPVH/dByt5w/pISBSFtyR7hTqw==",
        "dependencies": {
          "Microsoft.EntityFrameworkCore": "10.0.8",
          "Microsoft.Extensions.Caching.Memory": "10.0.8",
          "Microsoft.Extensions.Configuration.Abstractions": "10.0.8",
          "Microsoft.Extensions.Logging": "10.0.8"
        }
      },
      "Microsoft.OpenApi": {
        "type": "CentralTransitive",
        "requested": "[2.9.0, )",
        "resolved": "2.9.0",
        "contentHash": "uS2awDkgUvVhd735HEcNcOQdwbIDCAK3V1QzgWoszd/FPDLLVv9eF+fImmdJiGLIKKWJv2DMJQ7OSR9gYLd+uw=="
      },
      "Npgsql": {
        "type": "CentralTransitive",
        "requested": "[10.0.2, )",
        "resolved": "10.0.2",
        "contentHash": "q5RfBI+wywJSFUNDE1L4ZbHEHCFTblo8Uf6A6oe4feOUFYiUQXyAf9GBh5qEZpvJaHiEbpBPkQumjEhXCJxdrg==",
        "dependencies": {
          "Microsoft.Extensions.Logging.Abstractions": "10.0.0"
        }
      },
      "Npgsql.EntityFrameworkCore.PostgreSQL": {
        "type": "CentralTransitive",
        "requested": "[10.0.1, )",
        "resolved": "10.0.1",
        "contentHash": "P6EwH0Q4xkaA264iNZDqCPhWt8pscfUGxXazDQg4noBfqjoOlk4hKWfvBjF9ZX3R/9JybRmmJfmxr2iBMj0EpA==",
        "dependencies": {
          "Microsoft.EntityFrameworkCore": "[10.0.4, 11.0.0)",
          "Microsoft.EntityFrameworkCore.Relational": "[10.0.4, 11.0.0)",
          "Npgsql": "10.0.2"
        }
      },
      "OpenFga.Sdk": {
        "type": "CentralTransitive",
        "requested": "[0.10.4, )",
        "resolved": "0.10.4",
        "contentHash": "db81Jmqfuq0CLZ4yGyLC37UxlPmm9gxbJg87XiQ78bz7iFhiajuh8QPnkwwima1th1WTi8xqF1GveuepWcCTRg==",
        "dependencies": {
          "Microsoft.Bcl.AsyncInterfaces": "10.0.9"
        }
      },
      "SSH.NET": {
        "type": "CentralTransitive",
        "requested": "[2026.0.0, )",
        "resolved": "2026.0.0",
        "contentHash": "Yu9dirPq8l3oaat0+OQ7K0nUf5MmYltpia5UGqsApTG4zTPvBC1cxbNnC3NERij26dUST0A3Ef1QdHSn5ArbWQ==",
        "dependencies": {
          "BouncyCastle.Cryptography": "2.7.0",
          "Microsoft.Extensions.Logging.Abstractions": "8.0.3"
        }
      }
    }
  }
}